
Microsoft Visual Studio Solution File, Format Version 12.00
# Visual Studio Version 17
VisualStudioVersion = 17.9.34728.123
MinimumVisualStudioVersion = 10.0.40219.1
Project("{FAE04EC0-301F-11D3-BF4B-00C04F79EFBC}") = "aws.eshop.gateway", "aws.eshop.gateway\aws.eshop.gateway.csproj", "{9ACB5C72-C20D-4425-8745-7332B6436E52}"
EndProject
Global
	GlobalSection(SolutionConfigurationPlatforms) = preSolution
		Debug|Any CPU = Debug|Any CPU
		Release|Any CPU = Release|Any CPU
	EndGlobalSection
	GlobalSection(ProjectConfigurationPlatforms) = postSolution
		{9ACB5C72-C20D-4425-8745-7332B6436E52}.Debug|Any CPU.ActiveCfg = Debug|Any CPU
		{9ACB5C72-C20D-4425-8745-7332B6436E52}.Debug|Any CPU.Build.0 = Debug|Any CPU
		{9ACB5C72-C20D-4425-8745-7332B6436E52}.Release|Any CPU.ActiveCfg = Release|Any CPU
		{9ACB5C72-C20D-4425-8745-7332B6436E52}.Release|Any CPU.Build.0 = Release|Any CPU
	EndGlobalSection
	GlobalSection(SolutionProperties) = preSolution
		HideSolutionNode = FALSE
	EndGlobalSection
	GlobalSection(ExtensibilityGlobals) = postSolution
		SolutionGuid = {828DCED1-13BE-4833-9755-0F6DCF5BCC66}
	EndGlobalSection
EndGlobal
